<?xml version="1.0" encoding="utf-8"?>
<Project ToolsVersion="4.0" xmlns="http://schemas.microsoft.com/developer/msbuild/2003">
  <ItemGroup>
    <Filter Include="Source Files">
      <UniqueIdentifier>{2e7a4d3b-123c-4221-ab40-cd97f7ce440f}</UniqueIdentifier>
      <Extensions>cpp;c;cxx;def;odl;idl;hpj;bat;asm</Extensions>
    </Filter>
    <Filter Include="Header Files">
      <UniqueIdentifier>{8f3e7d9e-d786-4979-be47-9d8d3a245532}</UniqueIdentifier>
      <Extensions>h;hpp;hxx;hm;inl;inc</Extensions>
    </Filter>
    <Filter Include="Resource Files">
      <UniqueIdentifier>{f0fcdee1-d9d7-4afe-8679-f98bcb0aa1ef}</UniqueIdentifier>
      <Extensions>rc;ico;cur;bmp;dlg;rc2;rct;bin;rgs;gif;jpg;jpeg;jpe</Extensions>
    </Filter>
  </ItemGroup>
  <ItemGroup>
    <ClCompile Include="asyncselect.cpp">
      <Filter>Source Files</Filter>
    </ClCompile>
    <ClCompile Include="extension.cpp">
      <Filter>Source Files</Filter>
    </ClCompile>
    <ClCompile Include="lspguid.cpp">
      <Filter>Source Files</Filter>
    </ClCompile>
    <ClCompile Include="overlap.cpp">
      <Filter>Source Files</Filter>
    </ClCompile>
    <ClCompile Include="sockinfo.cpp">
      <Filter>Source Files</Filter>
    </ClCompile>
    <ClCompile Include="spi.cpp">
      <Filter>Source Files</Filter>
    </ClCompile>
    <ClCompile Include="..\common\provider.cpp">
      <Filter>Source Files</Filter>
    </ClCompile>
    <ClCompile Include="logHelper.cpp">
      <Filter>Source Files</Filter>
    </ClCompile>
  </ItemGroup>
  <ItemGroup>
    <ClInclude Include="lspdef.h">
      <Filter>Header Files</Filter>
    </ClInclude>
  </ItemGroup>
  <ItemGroup>
    <None Include="nonifslsp.def">
      <Filter>Source Files</Filter>
    </None>
  </ItemGroup>
</Project>