<?xml version="1.0" encoding="utf-8"?>
<Project ToolsVersion="4.0" xmlns="http://schemas.microsoft.com/developer/msbuild/2003">
  <ItemGroup>
    <Filter Include="Source Files">
      <UniqueIdentifier>{7c02215b-698b-44f1-8b54-d889e04b03ca}</UniqueIdentifier>
      <Extensions>cpp;c;cxx;def;odl;idl;hpj;bat;asm</Extensions>
    </Filter>
    <Filter Include="Header Files">
      <UniqueIdentifier>{1f77427e-eb26-4ef7-bbfa-7953fd06bf3e}</UniqueIdentifier>
      <Extensions>h;hpp;hxx;hm;inl;inc</Extensions>
    </Filter>
    <Filter Include="Resource Files">
      <UniqueIdentifier>{7e34ea7e-985e-4663-9d51-39e80fb3721d}</UniqueIdentifier>
      <Extensions>rc;ico;cur;bmp;dlg;rc2;rct;bin;rgs;gif;jpg;jpeg;jpe</Extensions>
    </Filter>
  </ItemGroup>
  <ItemGroup>
    <ClCompile Include="instlsp.cpp">
      <Filter>Source Files</Filter>
    </ClCompile>
    <ClCompile Include="prnpinfo.cpp">
      <Filter>Source Files</Filter>
    </ClCompile>
    <ClCompile Include="lspmap.cpp">
      <Filter>Source Files</Filter>
    </ClCompile>
    <ClCompile Include="lspdel.cpp">
      <Filter>Source Files</Filter>
    </ClCompile>
    <ClCompile Include="lsputil.cpp">
      <Filter>Source Files</Filter>
    </ClCompile>
    <ClCompile Include="lspadd.cpp">
      <Filter>Source Files</Filter>
    </ClCompile>
    <ClCompile Include="..\common\provider.cpp">
      <Filter>Source Files</Filter>
    </ClCompile>
  </ItemGroup>
  <ItemGroup>
    <ClInclude Include="instlsp.h">
      <Filter>Header Files</Filter>
    </ClInclude>
  </ItemGroup>
</Project>